// !$*UTF8*$!
{
	archiveVersion = 1;
	classes = {
	};
	objectVersion = 55;
	objects = {

/* Begin PBXBuildFile section */
		DB87879227FD4174004540D1 /* AppDelegate.swift in Sources */ = {isa = PBXBuildFile; fileRef = DB87879127FD4174004540D1 /* AppDelegate.swift */; };
		DB87879427FD4174004540D1 /* SceneDelegate.swift in Sources */ = {isa = PBXBuildFile; fileRef = DB87879327FD4174004540D1 /* SceneDelegate.swift */; };
		DB87879627FD4174004540D1 /* ViewController.swift in Sources */ = {isa = PBXBuildFile; fileRef = DB87879527FD4174004540D1 /* ViewController.swift */; };
		DB87879927FD4174004540D1 /* Main.storyboard in Resources */ = {isa = PBXBuildFile; fileRef = DB87879727FD4174004540D1 /* Main.storyboard */; };
		DB87879B27FD4176004540D1 /* Assets.xcassets in Resources */ = {isa = PBXBuildFile; fileRef = DB87879A27FD4176004540D1 /* Assets.xcassets */; };
		DB87879E27FD4176004540D1 /* LaunchScreen.storyboard in Resources */ = {isa = PBXBuildFile; fileRef = DB87879C27FD4176004540D1 /* LaunchScreen.storyboard */; };
		DB8787A927FD4176004540D1 /* HelloTests.swift in Sources */ = {isa = PBXBuildFile; fileRef = DB8787A827FD4176004540D1 /* HelloTests.swift */; };
		DB8787B327FD4176004540D1 /* HelloUITests.swift in Sources */ = {isa = PBXBuildFile; fileRef = DB8787B227FD4176004540D1 /* HelloUITests.swift */; };
		DB8787B527FD4176004540D1 /* HelloUITestsLaunchTests.swift in Sources */ = {isa = PBXBuildFile; fileRef = DB8787B427FD4176004540D1 /* HelloUITestsLaunchTests.swift */; };
/* End PBXBuildFile section */

/* Begin PBXContainerItemProxy section */
		DB8787A527FD4176004540D1 /* PBXContainerItemProxy */ = {
			isa = PBXContainerItemProxy;
			containerPortal = DB87878627FD4174004540D1 /* Project object */;
			proxyType = 1;
			remoteGlobalIDString = DB87878D27FD4174004540D1;
			remoteInfo = Hello;
		};
		DB8787AF27FD4176004540D1 /* PBXContainerItemProxy */ = {
			isa = PBXContainerItemProxy;
			containerPortal = DB87878627FD4174004540D1 /* Project object */;
			proxyType = 1;
			remoteGlobalIDString = DB87878D27FD4174004540D1;
			remoteInfo = Hello;
		};
/* End PBXContainerItemProxy section */

/* Begin PBXFileReference section */
		DB87878E27FD4174004540D1 /* Hello.app */ = {isa = PBXFileReference; explicitFileType = wrapper.application; includeInIndex = 0; path = Hello.app; sourceTree = BUILT_PRODUCTS_DIR; };
		DB87879127FD4174004540D1 /* AppDelegate.swift */ = {isa = PBXFileReference; lastKnownFileType = sourcecode.swift; path = AppDelegate.swift; sourceTree = "<group>"; };
		DB87879327FD4174004540D1 /* SceneDelegate.swift */ = {isa = PBXFileReference; lastKnownFileType = sourcecode.swift; path = SceneDelegate.swift; sourceTree = "<group>"; };
		DB87879527FD4174004540D1 /* ViewController.swift */ = {isa = PBXFileReference; lastKnownFileType = sourcecode.swift; path = ViewController.swift; sourceTree = "<group>"; };
		DB87879827FD4174004540D1 /* Base */ = {isa = PBXFileReference; lastKnownFileType = file.storyboard; name = Base; path = Base.lproj/Main.storyboard; sourceTree = "<group>"; };
		DB87879A27FD4176004540D1 /* Assets.xcassets */ = {isa = PBXFileReference; lastKnownFileType = folder.assetcatalog; path = Assets.xcassets; sourceTree = "<group>"; };
		DB87879D27FD4176004540D1 /* Base */ = {isa = PBXFileReference; lastKnownFileType = file.storyboard; name = Base; path = Base.lproj/LaunchScreen.storyboard; sourceTree = "<group>"; };
		DB87879F27FD4176004540D1 /* Info.plist */ = {isa = PBXFileReference; lastKnownFileType = text.plist.xml; path = Info.plist; sourceTree = "<group>"; };
		DB8787A427FD4176004540D1 /* HelloTests.xctest */ = {isa = PBXFileReference; explicitFileType = wrapper.cfbundle; includeInIndex = 0; path = HelloTests.xctest; sourceTree = BUILT_PRODUCTS_DIR; };
		DB8787A827FD4176004540D1 /* HelloTests.swift */ = {isa = PBXFileReference; lastKnownFileType = sourcecode.swift; path = HelloTests.swift; sourceTree = "<group>"; };
		DB8787AE27FD4176004540D1 /* HelloUITests.xctest */ = {isa = PBXFileReference; explicitFileType = wrapper.cfbundle; includeInIndex = 0; path = HelloUITests.xctest; sourceTree = BUILT_PRODUCTS_DIR; };
		DB8787B227FD4176004540D1 /* HelloUITests.swift */ = {isa = PBXFileReference; lastKnownFileType = sourcecode.swift; path = HelloUITests.swift; sourceTree = "<group>"; };
		DB8787B427FD4176004540D1 /* HelloUITestsLaunchTests.swift */ = {isa = PBXFileReference; lastKnownFileType = sourcecode.swift; path = HelloUITestsLaunchTests.swift; sourceTree = "<group>"; };
/* End PBXFileReference section */

/* Begin PBXFrameworksBuildPhase section */
		DB87878B27FD4174004540D1 /* Frameworks */ = {
			isa = PBXFrameworksBuildPhase;
			buildActionMask = 2147483647;
			files = (
			);
			runOnlyForDeploymentPostprocessing = 0;
		};
		DB8787A127FD4176004540D1 /* Frameworks */ = {
			isa = PBXFrameworksBuildPhase;
			buildActionMask = 2147483647;
			files = (
			);
			runOnlyForDeploymentPostprocessing = 0;
		};
		DB8787AB27FD4176004540D1 /* Frameworks */ = {
			isa = PBXFrameworksBuildPhase;
			buildActionMask = 2147483647;
			files = (
			);
			runOnlyForDeploymentPostprocessing = 0;
		};
/* End PBXFrameworksBuildPhase section */

/* Begin PBXGroup section */
		DB87878527FD4174004540D1 = {
			isa = PBXGroup;
			children = (
				DB87879027FD4174004540D1 /* Hello */,
				DB8787A727FD4176004540D1 /* HelloTests */,
				DB8787B127FD4176004540D1 /* HelloUITests */,
				DB87878F27FD4174004540D1 /* Products */,
			);
			sourceTree = "<group>";
		};
		DB87878F27FD4174004540D1 /* Products */ = {
			isa = PBXGroup;
			children = (
				DB87878E27FD4174004540D1 /* Hello.app */,
				DB8787A427FD4176004540D1 /* HelloTests.xctest */,
				DB8787AE27FD4176004540D1 /* HelloUITests.xctest */,
			);
			name = Products;
			sourceTree = "<group>";
		};
		DB87879027FD4174004540D1 /* Hello */ = {
			isa = PBXGroup;
			children = (
				DB87879127FD4174004540D1 /* AppDelegate.swift */,
				DB87879327FD4174004540D1 /* SceneDelegate.swift */,
				DB87879527FD4174004540D1 /* ViewController.swift */,
				DB87879727FD4174004540D1 /* Main.storyboard */,
				DB87879A27FD4176004540D1 /* Assets.xcassets */,
				DB87879C27FD4176004540D1 /* LaunchScreen.storyboard */,
				DB87879F27FD4176004540D1 /* Info.plist */,
			);
			path = Hello;
			sourceTree = "<group>";
		};
		DB8787A727FD4176004540D1 /* HelloTests */ = {
			isa = PBXGroup;
			children = (
				DB8787A827FD4176004540D1 /* HelloTests.swift */,
			);
			path = HelloTests;
			sourceTree = "<group>";
		};
		DB8787B127FD4176004540D1 /* HelloUITests */ = {
			isa = PBXGroup;
			children = (
				DB8787B227FD4176004540D1 /* HelloUITests.swift */,
				DB8787B427FD4176004540D1 /* HelloUITestsLaunchTests.swift */,
			);
			path = HelloUITests;
			sourceTree = "<group>";
		};
/* End PBXGroup section */

/* Begin PBXNativeTarget section */
		DB87878D27FD4174004540D1 /* Hello */ = {
			isa = PBXNativeTarget;
			buildConfigurationList = DB8787B827FD4176004540D1 /* Build configuration list for PBXNativeTarget "Hello" */;
			buildPhases = (
				DB87878A27FD4174004540D1 /* Sources */,
				DB87878B27FD4174004540D1 /* Frameworks */,
				DB87878C27FD4174004540D1 /* Resources */,
			);
			buildRules = (
			);
			dependencies = (
			);
			name = Hello;
			productName = Hello;
			productReference = DB87878E27FD4174004540D1 /* Hello.app */;
			productType = "com.apple.product-type.application";
		};
		DB8787A327FD4176004540D1 /* HelloTests */ = {
			isa = PBXNativeTarget;
			buildConfigurationList = DB8787BB27FD4176004540D1 /* Build configuration list for PBXNativeTarget "HelloTests" */;
			buildPhases = (
				DB8787A027FD4176004540D1 /* Sources */,
				DB8787A127FD4176004540D1 /* Frameworks */,
				DB8787A227FD4176004540D1 /* Resources */,
			);
			buildRules = (
			);
			dependencies = (
				DB8787A627FD4176004540D1 /* PBXTargetDependency */,
			);
			name = HelloTests;
			productName = HelloTests;
			productReference = DB8787A427FD4176004540D1 /* HelloTests.xctest */;
			productType = "com.apple.product-type.bundle.unit-test";
		};
		DB8787AD27FD4176004540D1 /* HelloUITests */ = {
			isa = PBXNativeTarget;
			buildConfigurationList = DB8787BE27FD4176004540D1 /* Build configuration list for PBXNativeTarget "HelloUITests" */;
			buildPhases = (
				DB8787AA27FD4176004540D1 /* Sources */,
				DB8787AB27FD4176004540D1 /* Frameworks */,
				DB8787AC27FD4176004540D1 /* Resources */,
			);
			buildRules = (
			);
			dependencies = (
				DB8787B027FD4176004540D1 /* PBXTargetDependency */,
			);
			name = HelloUITests;
			productName = HelloUITests;
			productReference = DB8787AE27FD4176004540D1 /* HelloUITests.xctest */;
			productType = "com.apple.product-type.bundle.ui-testing";
		};
/* End PBXNativeTarget section */

/* Begin PBXProject section */
		DB87878627FD4174004540D1 /* Project object */ = {
			isa = PBXProject;
			attributes = {
				BuildIndependentTargetsInParallel = 1;
				LastSwiftUpdateCheck = 1330;
				LastUpgradeCheck = 1330;
				TargetAttributes = {
					DB87878D27FD4174004540D1 = {
						CreatedOnToolsVersion = 13.3;
					};
					DB8787A327FD4176004540D1 = {
						CreatedOnToolsVersion = 13.3;
						TestTargetID = DB87878D27FD4174004540D1;
					};
					DB8787AD27FD4176004540D1 = {
						CreatedOnToolsVersion = 13.3;
						TestTargetID = DB87878D27FD4174004540D1;
					};
				};
			};
			buildConfigurationList = DB87878927FD4174004540D1 /* Build configuration list for PBXProject "Hello" */;
			compatibilityVersion = "Xcode 13.0";
			developmentRegion = en;
			hasScannedForEncodings = 0;
			knownRegions = (
				en,
				Base,
			);
			mainGroup = DB87878527FD4174004540D1;
			productRefGroup = DB87878F27FD4174004540D1 /* Products */;
			projectDirPath = "";
			projectRoot = "";
			targets = (
				DB87878D27FD4174004540D1 /* Hello */,
				DB8787A327FD4176004540D1 /* HelloTests */,
				DB8787AD27FD4176004540D1 /* HelloUITests */,
			);
		};
/* End PBXProject section */

/* Begin PBXResourcesBuildPhase section */
		DB87878C27FD4174004540D1 /* Resources */ = {
			isa = PBXResourcesBuildPhase;
			buildActionMask = 2147483647;
			files = (
				DB87879E27FD4176004540D1 /* LaunchScreen.storyboard in Resources */,
				DB87879B27FD4176004540D1 /* Assets.xcassets in Resources */,
				DB87879927FD4174004540D1 /* Main.storyboard in Resources */,
			);
			runOnlyForDeploymentPostprocessing = 0;
		};
		DB8787A227FD4176004540D1 /* Resources */ = {
			isa = PBXResourcesBuildPhase;
			buildActionMask = 2147483647;
			files = (
			);
			runOnlyForDeploymentPostprocessing = 0;
		};
		DB8787AC27FD4176004540D1 /* Resources */ = {
			isa = PBXResourcesBuildPhase;
			buildActionMask = 2147483647;
			files = (
			);
			runOnlyForDeploymentPostprocessing = 0;
		};
/* End PBXResourcesBuildPhase section */

/* Begin PBXSourcesBuildPhase section */
		DB87878A27FD4174004540D1 /* Sources */ = {
			isa = PBXSourcesBuildPhase;
			buildActionMask = 2147483647;
			files = (
				DB87879627FD4174004540D1 /* ViewController.swift in Sources */,
				DB87879227FD4174004540D1 /* AppDelegate.swift in Sources */,
				DB87879427FD4174004540D1 /* SceneDelegate.swift in Sources */,
			);
			runOnlyForDeploymentPostprocessing = 0;
		};
		DB8787A027FD4176004540D1 /* Sources */ = {
			isa = PBXSourcesBuildPhase;
			buildActionMask = 2147483647;
			files = (
				DB8787A927FD4176004540D1 /* HelloTests.swift in Sources */,
			);
			runOnlyForDeploymentPostprocessing = 0;
		};
		DB8787AA27FD4176004540D1 /* Sources */ = {
			isa = PBXSourcesBuildPhase;
			buildActionMask = 2147483647;
			files = (
				DB8787B327FD4176004540D1 /* HelloUITests.swift in Sources */,
				DB8787B527FD4176004540D1 /* HelloUITestsLaunchTests.swift in Sources */,
			);
			runOnlyForDeploymentPostprocessing = 0;
		};
/* End PBXSourcesBuildPhase section */

/* Begin PBXTargetDependency section */
		DB8787A627FD4176004540D1 /* PBXTargetDependency */ = {
			isa = PBXTargetDependency;
			target = DB87878D27FD4174004540D1 /* Hello */;
			targetProxy = DB8787A527FD4176004540D1 /* PBXContainerItemProxy */;
		};
		DB8787B027FD4176004540D1 /* PBXTargetDependency */ = {
			isa = PBXTargetDependency;
			target = DB87878D27FD4174004540D1 /* Hello */;
			targetProxy = DB8787AF27FD4176004540D1 /* PBXContainerItemProxy */;
		};
/* End PBXTargetDependency section */

/* Begin PBXVariantGroup section */
		DB87879727FD4174004540D1 /* Main.storyboard */ = {
			isa = PBXVariantGroup;
			children = (
				DB87879827FD4174004540D1 /* Base */,
			);
			name = Main.storyboard;
			sourceTree = "<group>";
		};
		DB87879C27FD4176004540D1 /* LaunchScreen.storyboard */ = {
			isa = PBXVariantGroup;
			children = (
				DB87879D27FD4176004540D1 /* Base */,
			);
			name = LaunchScreen.storyboard;
			sourceTree = "<group>";
		};
/* End PBXVariantGroup section */

/* Begin XCBuildConfiguration section */
		DB8787B627FD4176004540D1 /* Debug */ = {
			isa = XCBuildConfiguration;
			buildSettings = {
				ALWAYS_SEARCH_USER_PATHS = NO;
				CLANG_ANALYZER_NONNULL = YES;
				CLANG_ANALYZER_NUMBER_OBJECT_CONVERSION = YES_AGGRESSIVE;
				CLANG_CXX_LANGUAGE_STANDARD = "gnu++17";
				CLANG_ENABLE_MODULES = YES;
				CLANG_ENABLE_OBJC_ARC = YES;
				CLANG_ENABLE_OBJC_WEAK = YES;
				CLANG_WARN_BLOCK_CAPTURE_AUTORELEASING = YES;
				CLANG_WARN_BOOL_CONVERSION = YES;
				CLANG_WARN_COMMA = YES;
				CLANG_WARN_CONSTANT_CONVERSION = YES;
				CLANG_WARN_DEPRECATED_OBJC_IMPLEMENTATIONS = YES;
				CLANG_WARN_DIRECT_OBJC_ISA_USAGE = YES_ERROR;
				CLANG_WARN_DOCUMENTATION_COMMENTS = YES;
				CLANG_WARN_EMPTY_BODY = YES;
				CLANG_WARN_ENUM_CONVERSION = YES;
				CLANG_WARN_INFINITE_RECURSION = YES;
				CLANG_WARN_INT_CONVERSION = YES;
				CLANG_WARN_NON_LITERAL_NULL_CONVERSION = YES;
				CLANG_WARN_OBJC_IMPLICIT_RETAIN_SELF = YES;
				CLANG_WARN_OBJC_LITERAL_CONVERSION = YES;
				CLANG_WARN_OBJC_ROOT_CLASS = YES_ERROR;
				CLANG_WARN_QUOTED_INCLUDE_IN_FRAMEWORK_HEADER = YES;
				CLANG_WARN_RANGE_LOOP_ANALYSIS = YES;
				CLANG_WARN_STRICT_PROTOTYPES = YES;
				CLANG_WARN_SUSPICIOUS_MOVE = YES;
				CLANG_WARN_UNGUARDED_AVAILABILITY = YES_AGGRESSIVE;
				CLANG_WARN_UNREACHABLE_CODE = YES;
				CLANG_WARN__DUPLICATE_METHOD_MATCH = YES;
				COPY_PHASE_STRIP = NO;
				DEBUG_INFORMATION_FORMAT = dwarf;
				ENABLE_STRICT_OBJC_MSGSEND = YES;
				ENABLE_TESTABILITY = YES;
				GCC_C_LANGUAGE_STANDARD = gnu11;
				GCC_DYNAMIC_NO_PIC = NO;
				GCC_NO_COMMON_BLOCKS = YES;
				GCC_OPTIMIZATION_LEVEL = 0;
				GCC_PREPROCESSOR_DEFINITIONS = (
					"DEBUG=1",
					"$(inherited)",
				);
				GCC_WARN_64_TO_32_BIT_CONVERSION = YES;
				GCC_WARN_ABOUT_RETURN_TYPE = YES_ERROR;
				GCC_WARN_UNDECLARED_SELECTOR = YES;
				GCC_WARN_UNINITIALIZED_AUTOS = YES_AGGRESSIVE;
				GCC_WARN_UNUSED_FUNCTION = YES;
				GCC_WARN_UNUSED_VARIABLE = YES;
				IPHONEOS_DEPLOYMENT_TARGET = 15.4;
				MTL_ENABLE_DEBUG_INFO = INCLUDE_SOURCE;
				MTL_FAST_MATH = YES;
				ONLY_ACTIVE_ARCH = YES;
				SDKROOT = iphoneos;
				SWIFT_ACTIVE_COMPILATION_CONDITIONS = DEBUG;
				SWIFT_OPTIMIZATION_LEVEL = "-Onone";
			};
			name = Debug;
		};
		DB8787B727FD4176004540D1 /* Release */ = {
			isa = XCBuildConfiguration;
			buildSettings = {
				ALWAYS_SEARCH_USER_PATHS = NO;
				CLANG_ANALYZER_NONNULL = YES;
				CLANG_ANALYZER_NUMBER_OBJECT_CONVERSION = YES_AGGRESSIVE;
				CLANG_CXX_LANGUAGE_STANDARD = "gnu++17";
				CLANG_ENABLE_MODULES = YES;
				CLANG_ENABLE_OBJC_ARC = YES;
				CLANG_ENABLE_OBJC_WEAK = YES;
				CLANG_WARN_BLOCK_CAPTURE_AUTORELEASING = YES;
				CLANG_WARN_BOOL_CONVERSION = YES;
				CLANG_WARN_COMMA = YES;
				CLANG_WARN_CONSTANT_CONVERSION = YES;
				CLANG_WARN_DEPRECATED_OBJC_IMPLEMENTATIONS = YES;
				CLANG_WARN_DIRECT_OBJC_ISA_USAGE = YES_ERROR;
				CLANG_WARN_DOCUMENTATION_COMMENTS = YES;
				CLANG_WARN_EMPTY_BODY = YES;
				CLANG_WARN_ENUM_CONVERSION = YES;
				CLANG_WARN_INFINITE_RECURSION = YES;
				CLANG_WARN_INT_CONVERSION = YES;
				CLANG_WARN_NON_LITERAL_NULL_CONVERSION = YES;
				CLANG_WARN_OBJC_IMPLICIT_RETAIN_SELF = YES;
				CLANG_WARN_OBJC_LITERAL_CONVERSION = YES;
				CLANG_WARN_OBJC_ROOT_CLASS = YES_ERROR;
				CLANG_WARN_QUOTED_INCLUDE_IN_FRAMEWORK_HEADER = YES;
				CLANG_WARN_RANGE_LOOP_ANALYSIS = YES;
				CLANG_WARN_STRICT_PROTOTYPES = YES;
				CLANG_WARN_SUSPICIOUS_MOVE = YES;
				CLANG_WARN_UNGUARDED_AVAILABILITY = YES_AGGRESSIVE;
				CLANG_WARN_UNREACHABLE_CODE = YES;
				CLANG_WARN__DUPLICATE_METHOD_MATCH = YES;
				COPY_PHASE_STRIP = NO;
				DEBUG_INFORMATION_FORMAT = "dwarf-with-dsym";
				ENABLE_NS_ASSERTIONS = NO;
				ENABLE_STRICT_OBJC_MSGSEND = YES;
				GCC_C_LANGUAGE_STANDARD = gnu11;
				GCC_NO_COMMON_BLOCKS = YES;
				GCC_WARN_64_TO_32_BIT_CONVERSION = YES;
				GCC_WARN_ABOUT_RETURN_TYPE = YES_ERROR;
				GCC_WARN_UNDECLARED_SELECTOR = YES;
				GCC_WARN_UNINITIALIZED_AUTOS = YES_AGGRESSIVE;
				GCC_WARN_UNUSED_FUNCTION = YES;
				GCC_WARN_UNUSED_VARIABLE = YES;
				IPHONEOS_DEPLOYMENT_TARGET = 15.4;
				MTL_ENABLE_DEBUG_INFO = NO;
				MTL_FAST_MATH = YES;
				SDKROOT = iphoneos;
				SWIFT_COMPILATION_MODE = wholemodule;
				SWIFT_OPTIMIZATION_LEVEL = "-O";
				VALIDATE_PRODUCT = YES;
			};
			name = Release;
		};
		DB8787B927FD4176004540D1 /* Debug */ = {
			isa = XCBuildConfiguration;
			buildSettings = {
				ASSETCATALOG_COMPILER_APPICON_NAME = AppIcon;
				ASSETCATALOG_COMPILER_GLOBAL_ACCENT_COLOR_NAME = AccentColor;
				CODE_SIGN_STYLE = Automatic;
				CURRENT_PROJECT_VERSION = 1;
				DEVELOPMENT_TEAM = GJC6R3XAXW;
				GENERATE_INFOPLIST_FILE = YES;
				INFOPLIST_FILE = Hello/Info.plist;
				INFOPLIST_KEY_UIApplicationSupportsIndirectInputEvents = YES;
				INFOPLIST_KEY_UILaunchStoryboardName = LaunchScreen;
				INFOPLIST_KEY_UIMainStoryboardFile = Main;
				INFOPLIST_KEY_UISupportedInterfaceOrientations_iPad = "UIInterfaceOrientationPortrait UIInterfaceOrientationPortraitUpsideDown UIInterfaceOrientationLandscapeLeft UIInterfaceOrientationLandscapeRight";
				INFOPLIST_KEY_UISupportedInterfaceOrientations_iPhone = "UIInterfaceOrientationPortrait UIInterfaceOrientationLandscapeLeft UIInterfaceOrientationLandscapeRight";
				LD_RUNPATH_SEARCH_PATHS = (
					"$(inherited)",
					"@executable_path/Frameworks",
				);
				MARKETING_VERSION = 1.0;
				PRODUCT_BUNDLE_IDENTIFIER = com.cku2.Hello;
				PRODUCT_NAME = "$(TARGET_NAME)";
				SWIFT_EMIT_LOC_STRINGS = YES;
				SWIFT_VERSION = 5.0;
				TARGETED_DEVICE_FAMILY = "1,2";
			};
			name = Debug;
		};
		DB8787BA27FD4176004540D1 /* Release */ = {
			isa = XCBuildConfiguration;
			buildSettings = {
				ASSETCATALOG_COMPILER_APPICON_NAME = AppIcon;
				ASSETCATALOG_COMPILER_GLOBAL_ACCENT_COLOR_NAME = AccentColor;
				CODE_SIGN_STYLE = Automatic;
				CURRENT_PROJECT_VERSION = 1;
				DEVELOPMENT_TEAM = GJC6R3XAXW;
				GENERATE_INFOPLIST_FILE = YES;
				INFOPLIST_FILE = Hello/Info.plist;
				INFOPLIST_KEY_UIApplicationSupportsIndirectInputEvents = YES;
				INFOPLIST_KEY_UILaunchStoryboardName = LaunchScreen;
				INFOPLIST_KEY_UIMainStoryboardFile = Main;
				INFOPLIST_KEY_UISupportedInterfaceOrientations_iPad = "UIInterfaceOrientationPortrait UIInterfaceOrientationPortraitUpsideDown UIInterfaceOrientationLandscapeLeft UIInterfaceOrientationLandscapeRight";
				INFOPLIST_KEY_UISupportedInterfaceOrientations_iPhone = "UIInterfaceOrientationPortrait UIInterfaceOrientationLandscapeLeft UIInterfaceOrientationLandscapeRight";
				LD_RUNPATH_SEARCH_PATHS = (
					"$(inherited)",
					"@executable_path/Frameworks",
				);
				MARKETING_VERSION = 1.0;
				PRODUCT_BUNDLE_IDENTIFIER = com.cku2.Hello;
				PRODUCT_NAME = "$(TARGET_NAME)";
				SWIFT_EMIT_LOC_STRINGS = YES;
				SWIFT_VERSION = 5.0;
				TARGETED_DEVICE_FAMILY = "1,2";
			};
			name = Release;
		};
		DB8787BC27FD4176004540D1 /* Debug */ = {
			isa = XCBuildConfiguration;
			buildSettings = {
				ALWAYS_EMBED_SWIFT_STANDARD_LIBRARIES = YES;
				BUNDLE_LOADER = "$(TEST_HOST)";
				CODE_SIGN_STYLE = Automatic;
				CURRENT_PROJECT_VERSION = 1;
				DEVELOPMENT_TEAM = GJC6R3XAXW;
				GENERATE_INFOPLIST_FILE = YES;
				IPHONEOS_DEPLOYMENT_TARGET = 15.4;
				MARKETING_VERSION = 1.0;
				PRODUCT_BUNDLE_IDENTIFIER = com.cku2.HelloTests;
				PRODUCT_NAME = "$(TARGET_NAME)";
				SWIFT_EMIT_LOC_STRINGS = NO;
				SWIFT_VERSION = 5.0;
				TARGETED_DEVICE_FAMILY = "1,2";
				TEST_HOST = "$(BUILT_PRODUCTS_DIR)/Hello.app/Hello";
			};
			name = Debug;
		};
		DB8787BD27FD4176004540D1 /* Release */ = {
			isa = XCBuildConfiguration;
			buildSettings = {
				ALWAYS_EMBED_SWIFT_STANDARD_LIBRARIES = YES;
				BUNDLE_LOADER = "$(TEST_HOST)";
				CODE_SIGN_STYLE = Automatic;
				CURRENT_PROJECT_VERSION = 1;
				DEVELOPMENT_TEAM = GJC6R3XAXW;
				GENERATE_INFOPLIST_FILE = YES;
				IPHONEOS_DEPLOYMENT_TARGET = 15.4;
				MARKETING_VERSION = 1.0;
				PRODUCT_BUNDLE_IDENTIFIER = com.cku2.HelloTests;
				PRODUCT_NAME = "$(TARGET_NAME)";
				SWIFT_EMIT_LOC_STRINGS = NO;
				SWIFT_VERSION = 5.0;
				TARGETED_DEVICE_FAMILY = "1,2";
				TEST_HOST = "$(BUILT_PRODUCTS_DIR)/Hello.app/Hello";
			};
			name = Release;
		};
		DB8787BF27FD4176004540D1 /* Debug */ = {
			isa = XCBuildConfiguration;
			buildSettings = {
				ALWAYS_EMBED_SWIFT_STANDARD_LIBRARIES = YES;
				CODE_SIGN_STYLE = Automatic;
				CURRENT_PROJECT_VERSION = 1;
				DEVELOPMENT_TEAM = GJC6R3XAXW;
				GENERATE_INFOPLIST_FILE = YES;
				MARKETING_VERSION = 1.0;
				PRODUCT_BUNDLE_IDENTIFIER = com.cku2.HelloUITests;
				PRODUCT_NAME = "$(TARGET_NAME)";
				SWIFT_EMIT_LOC_STRINGS = NO;
				SWIFT_VERSION = 5.0;
				TARGETED_DEVICE_FAMILY = "1,2";
				TEST_TARGET_NAME = Hello;
			};
			name = Debug;
		};
		DB8787C027FD4176004540D1 /* Release */ = {
			isa = XCBuildConfiguration;
			buildSettings = {
				ALWAYS_EMBED_SWIFT_STANDARD_LIBRARIES = YES;
				CODE_SIGN_STYLE = Automatic;
				CURRENT_PROJECT_VERSION = 1;
				DEVELOPMENT_TEAM = GJC6R3XAXW;
				GENERATE_INFOPLIST_FILE = YES;
				MARKETING_VERSION = 1.0;
				PRODUCT_BUNDLE_IDENTIFIER = com.cku2.HelloUITests;
				PRODUCT_NAME = "$(TARGET_NAME)";
				SWIFT_EMIT_LOC_STRINGS = NO;
				SWIFT_VERSION = 5.0;
				TARGETED_DEVICE_FAMILY = "1,2";
				TEST_TARGET_NAME = Hello;
			};
			name = Release;
		};
/* End XCBuildConfiguration section */

/* Begin XCConfigurationList section */
		DB87878927FD4174004540D1 /* Build configuration list for PBXProject "Hello" */ = {
			isa = XCConfigurationList;
			buildConfigurations = (
				DB8787B627FD4176004540D1 /* Debug */,
				DB8787B727FD4176004540D1 /* Release */,
			);
			defaultConfigurationIsVisible = 0;
			defaultConfigurationName = Release;
		};
		DB8787B827FD4176004540D1 /* Build configuration list for PBXNativeTarget "Hello" */ = {
			isa = XCConfigurationList;
			buildConfigurations = (
				DB8787B927FD4176004540D1 /* Debug */,
				DB8787BA27FD4176004540D1 /* Release */,
			);
			defaultConfigurationIsVisible = 0;
			defaultConfigurationName = Release;
		};
		DB8787BB27FD4176004540D1 /* Build configuration list for PBXNativeTarget "HelloTests" */ = {
			isa = XCConfigurationList;
			buildConfigurations = (
				DB8787BC27FD4176004540D1 /* Debug */,
				DB8787BD27FD4176004540D1 /* Release */,
			);
			defaultConfigurationIsVisible = 0;
			defaultConfigurationName = Release;
		};
		DB8787BE27FD4176004540D1 /* Build configuration list for PBXNativeTarget "HelloUITests" */ = {
			isa = XCConfigurationList;
			buildConfigurations = (
				DB8787BF27FD4176004540D1 /* Debug */,
				DB8787C027FD4176004540D1 /* Release */,
			);
			defaultConfigurationIsVisible = 0;
			defaultConfigurationName = Release;
		};
/* End XCConfigurationList section */
	};
	rootObject = DB87878627FD4174004540D1 /* Project object */;
}
